{
  "name": "hooks",
  "version": "1.0.0",
  "lockfileVersion": 3,
  "requires": true,
  "packages": {
    "": {
      "name": "hooks",
      "version": "1.0.0",
      "license": "ISC",
      "dependencies": {
        "@types/express": "^5.0.3",
        "experss": "^0.0.1-security",
        "prisma": "^6.9.0"
      }
    },
    "node_modules/@prisma/config": {
      "version": "6.9.0",
      "resolved": "https://registry.npmjs.org/@prisma/config/-/config-6.9.0.tgz",
      "integrity": "sha512-Wcfk8/lN3WRJd5w4jmNQkUwhUw0eksaU/+BlAJwPQKW10k0h0LC9PD/6TQFmqKVbHQL0vG2z266r0S1MPzzhbA==",
      "license": "Apache-2.0",
      "dependencies": {
        "jiti": "2.4.2"
      }
    },
    "node_modules/@prisma/debug": {
      "version": "6.9.0",
      "resolved": "https://registry.npmjs.org/@prisma/debug/-/debug-6.9.0.tgz",
      "integrity": "sha512-bFeur/qi/Q+Mqk4JdQ3R38upSYPebv5aOyD1RKywVD+rAMLtRkmTFn28ZuTtVOnZHEdtxnNOCH+bPIeSGz1+Fg==",
      "license": "Apache-2.0"
    },
    "node_modules/@prisma/engines": {
      "version": "6.9.0",
      "resolved": "https://registry.npmjs.org/@prisma/engines/-/engines-6.9.0.tgz",
      "integrity": "sha512-im0X0bwDLA0244CDf8fuvnLuCQcBBdAGgr+ByvGfQY9wWl6EA+kRGwVk8ZIpG65rnlOwtaWIr/ZcEU5pNVvq9g==",
      "hasInstallScript": true,
      "license": "Apache-2.0",
      "dependencies": {
        "@prisma/debug": "6.9.0",
        "@prisma/engines-version": "6.9.0-10.81e4af48011447c3cc503a190e86995b66d2a28e",
        "@prisma/fetch-engine": "6.9.0",
        "@prisma/get-platform": "6.9.0"
      }
    },
    "node_modules/@prisma/engines-version": {
      "version": "6.9.0-10.81e4af48011447c3cc503a190e86995b66d2a28e",
      "resolved": "https://registry.npmjs.org/@prisma/engines-version/-/engines-version-6.9.0-10.81e4af48011447c3cc503a190e86995b66d2a28e.tgz",
      "integrity": "sha512-Qp9gMoBHgqhKlrvumZWujmuD7q4DV/gooEyPCLtbkc13EZdSz2RsGUJ5mHb3RJgAbk+dm6XenqG7obJEhXcJ6Q==",
      "license": "Apache-2.0"
    },
    "node_modules/@prisma/fetch-engine": {
      "version": "6.9.0",
      "resolved": "https://registry.npmjs.org/@prisma/fetch-engine/-/fetch-engine-6.9.0.tgz",
      "integrity": "sha512-PMKhJdl4fOdeE3J3NkcWZ+tf3W6rx3ht/rLU8w4SXFRcLhd5+3VcqY4Kslpdm8osca4ej3gTfB3+cSk5pGxgFg==",
      "license": "Apache-2.0",
      "dependencies": {
        "@prisma/debug": "6.9.0",
        "@prisma/engines-version": "6.9.0-10.81e4af48011447c3cc503a190e86995b66d2a28e",
        "@prisma/get-platform": "6.9.0"
      }
    },
    "node_modules/@prisma/get-platform": {
      "version": "6.9.0",
      "resolved": "https://registry.npmjs.org/@prisma/get-platform/-/get-platform-6.9.0.tgz",
      "integrity": "sha512-/B4n+5V1LI/1JQcHp+sUpyRT1bBgZVPHbsC4lt4/19Xp4jvNIVcq5KYNtQDk5e/ukTSjo9PZVAxxy9ieFtlpTQ==",
      "license": "Apache-2.0",
      "dependencies": {
        "@prisma/debug": "6.9.0"
      }
    },
    "node_modules/@types/body-parser": {
      "version": "1.19.6",
      "resolved": "https://registry.npmjs.org/@types/body-parser/-/body-parser-1.19.6.tgz",
      "integrity": "sha512-HLFeCYgz89uk22N5Qg3dvGvsv46B8GLvKKo1zKG4NybA8U2DiEO3w9lqGg29t/tfLRJpJ6iQxnVw4OnB7MoM9g==",
      "license": "MIT",
      "dependencies": {
        "@types/connect": "*",
        "@types/node": "*"
      }
    },
    "node_modules/@types/connect": {
      "version": "3.4.38",
      "resolved": "https://registry.npmjs.org/@types/connect/-/connect-3.4.38.tgz",
      "integrity": "sha512-K6uROf1LD88uDQqJCktA4yzL1YYAK6NgfsI0v/mTgyPKWsX1CnJ0XPSDhViejru1GcRkLWb8RlzFYJRqGUbaug==",
      "license": "MIT",
      "dependencies": {
        "@types/node": "*"
      }
    },
    "node_modules/@types/express": {
      "version": "5.0.3",
      "resolved": "https://registry.npmjs.org/@types/express/-/express-5.0.3.tgz",
      "integrity": "sha512-wGA0NX93b19/dZC1J18tKWVIYWyyF2ZjT9vin/NRu0qzzvfVzWjs04iq2rQ3H65vCTQYlRqs3YHfY7zjdV+9Kw==",
      "license": "MIT",
      "dependencies": {
        "@types/body-parser": "*",
        "@types/express-serve-static-core": "^5.0.0",
        "@types/serve-static": "*"
      }
    },
    "node_modules/@types/express-serve-static-core": {
      "version": "5.0.6",
      "resolved": "https://registry.npmjs.org/@types/express-serve-static-core/-/express-serve-static-core-5.0.6.tgz",
      "integrity": "sha512-3xhRnjJPkULekpSzgtoNYYcTWgEZkp4myc+Saevii5JPnHNvHMRlBSHDbs7Bh1iPPoVTERHEZXyhyLbMEsExsA==",
      "license": "MIT",
      "dependencies": {
        "@types/node": "*",
        "@types/qs": "*",
        "@types/range-parser": "*",
        "@types/send": "*"
      }
    },
    "node_modules/@types/http-errors": {
      "version": "2.0.5",
      "resolved": "https://registry.npmjs.org/@types/http-errors/-/http-errors-2.0.5.tgz",
      "integrity": "sha512-r8Tayk8HJnX0FztbZN7oVqGccWgw98T/0neJphO91KkmOzug1KkofZURD4UaD5uH8AqcFLfdPErnBod0u71/qg==",
      "license": "MIT"
    },
    "node_modules/@types/mime": {
      "version": "1.3.5",
      "resolved": "https://registry.npmjs.org/@types/mime/-/mime-1.3.5.tgz",
      "integrity": "sha512-/pyBZWSLD2n0dcHE3hq8s8ZvcETHtEuF+3E7XVt0Ig2nvsVQXdghHVcEkIWjy9A0wKfTn97a/PSDYohKIlnP/w==",
      "license": "MIT"
    },
    "node_modules/@types/node": {
      "version": "24.0.1",
      "resolved": "https://registry.npmjs.org/@types/node/-/node-24.0.1.tgz",
      "integrity": "sha512-MX4Zioh39chHlDJbKmEgydJDS3tspMP/lnQC67G3SWsTnb9NeYVWOjkxpOSy4oMfPs4StcWHwBrvUb4ybfnuaw==",
      "license": "MIT",
      "dependencies": {
        "undici-types": "~7.8.0"
      }
    },
    "node_modules/@types/qs": {
      "version": "6.14.0",
      "resolved": "https://registry.npmjs.org/@types/qs/-/qs-6.14.0.tgz",
      "integrity": "sha512-eOunJqu0K1923aExK6y8p6fsihYEn/BYuQ4g0CxAAgFc4b/ZLN4CrsRZ55srTdqoiLzU2B2evC+apEIxprEzkQ==",
      "license": "MIT"
    },
    "node_modules/@types/range-parser": {
      "version": "1.2.7",
      "resolved": "https://registry.npmjs.org/@types/range-parser/-/range-parser-1.2.7.tgz",
      "integrity": "sha512-hKormJbkJqzQGhziax5PItDUTMAM9uE2XXQmM37dyd4hVM+5aVl7oVxMVUiVQn2oCQFN/LKCZdvSM0pFRqbSmQ==",
      "license": "MIT"
    },
    "node_modules/@types/send": {
      "version": "0.17.5",
      "resolved": "https://registry.npmjs.org/@types/send/-/send-0.17.5.tgz",
      "integrity": "sha512-z6F2D3cOStZvuk2SaP6YrwkNO65iTZcwA2ZkSABegdkAh/lf+Aa/YQndZVfmEXT5vgAp6zv06VQ3ejSVjAny4w==",
      "license": "MIT",
      "dependencies": {
        "@types/mime": "^1",
        "@types/node": "*"
      }
    },
    "node_modules/@types/serve-static": {
      "version": "1.15.8",
      "resolved": "https://registry.npmjs.org/@types/serve-static/-/serve-static-1.15.8.tgz",
      "integrity": "sha512-roei0UY3LhpOJvjbIP6ZZFngyLKl5dskOtDhxY5THRSpO+ZI+nzJ+m5yUMzGrp89YRa7lvknKkMYjqQFGwA7Sg==",
      "license": "MIT",
      "dependencies": {
        "@types/http-errors": "*",
        "@types/node": "*",
        "@types/send": "*"
      }
    },
    "node_modules/experss": {
      "version": "0.0.1-security",
      "resolved": "https://registry.npmjs.org/experss/-/experss-0.0.1-security.tgz",
      "integrity": "sha512-L2HxG73D04Y/U/YOryT50t8SlN+ZAX0MPTX6QyduHSBnGDXTAxRb+6z7buDjAmV/zPPnCan62k5vL0dsGmhBLg=="
    },
    "node_modules/jiti": {
      "version": "2.4.2",
      "resolved": "https://registry.npmjs.org/jiti/-/jiti-2.4.2.tgz",
      "integrity": "sha512-rg9zJN+G4n2nfJl5MW3BMygZX56zKPNVEYYqq7adpmMh4Jn2QNEwhvQlFy6jPVdcod7txZtKHWnyZiA3a0zP7A==",
      "license": "MIT",
      "bin": {
        "jiti": "lib/jiti-cli.mjs"
      }
    },
    "node_modules/prisma": {
      "version": "6.9.0",
      "resolved": "https://registry.npmjs.org/prisma/-/prisma-6.9.0.tgz",
      "integrity": "sha512-resJAwMyZREC/I40LF6FZ6rZTnlrlrYrb63oW37Gq+U+9xHwbyMSPJjKtM7VZf3gTO86t/Oyz+YeSXr3CmAY1Q==",
      "hasInstallScript": true,
      "license": "Apache-2.0",
      "dependencies": {
        "@prisma/config": "6.9.0",
        "@prisma/engines": "6.9.0"
      },
      "bin": {
        "prisma": "build/index.js"
      },
      "engines": {
        "node": ">=18.18"
      },
      "peerDependencies": {
        "typescript": ">=5.1.0"
      },
      "peerDependenciesMeta": {
        "typescript": {
          "optional": true
        }
      }
    },
    "node_modules/undici-types": {
      "version": "7.8.0",
      "resolved": "https://registry.npmjs.org/undici-types/-/undici-types-7.8.0.tgz",
      "integrity": "sha512-9UJ2xGDvQ43tYyVMpuHlsgApydB8ZKfVYTsLDhXkFL/6gfkp+U8xTGdh8pMJv1SpZna0zxG1DwsKZsreLbXBxw==",
      "license": "MIT"
    }
  }
}
